// !$*UTF8*$!
{
	archiveVersion = 1;
	classes = {
	};
	objectVersion = 56;
	objects = {

/* Begin PBXBuildFile section */
		79E1ABBF2AF4A8C3005C22EA /* HomeView.swift in Sources */ = {isa = PBXBuildFile; fileRef = 79E1ABBE2AF4A8C3005C22EA /* HomeView.swift */; };
		79E1ABC12AF4B2A0005C22EA /* LibraryView.swift in Sources */ = {isa = PBXBuildFile; fileRef = 79E1ABC02AF4B29F005C22EA /* LibraryView.swift */; };
		7A1FA6DE2B583F4500D4C2D9 /* ColourModule.swift in Sources */ = {isa = PBXBuildFile; fileRef = 7A1FA6DD2B583F4500D4C2D9 /* ColourModule.swift */; };
		7A1FA6E42B58735700D4C2D9 /* colors.csv in Resources */ = {isa = PBXBuildFile; fileRef = 7A1FA6E32B58735700D4C2D9 /* colors.csv */; };
		7ABB01672B59FB4B005211F3 /* OfficialLegoColourEnum.swift in Sources */ = {isa = PBXBuildFile; fileRef = 7ABB01662B59FB4B005211F3 /* OfficialLegoColourEnum.swift */; };
		7ABB01692B59FFCD005211F3 /* ClassToNameMap.swift in Sources */ = {isa = PBXBuildFile; fileRef = 7ABB01682B59FFCD005211F3 /* ClassToNameMap.swift */; };
		7AD6AB912AF82E66006C5BD7 /* Styling.swift in Sources */ = {isa = PBXBuildFile; fileRef = 7AD6AB902AF82E66006C5BD7 /* Styling.swift */; };
		C4797B272B572E8C009B98A7 /* LegoDetectorNew.mlpackage in Sources */ = {isa = PBXBuildFile; fileRef = C4797B262B572E8C009B98A7 /* LegoDetectorNew.mlpackage */; };
		C4A1F3382B55AEFD0017A1A3 /* LoaderView.swift in Sources */ = {isa = PBXBuildFile; fileRef = C4A1F3372B55AEFD0017A1A3 /* LoaderView.swift */; };
		C4A1F33A2B55AF830017A1A3 /* LegoPiece.swift in Sources */ = {isa = PBXBuildFile; fileRef = C4A1F3392B55AF830017A1A3 /* LegoPiece.swift */; };
		C4A1F33D2B55E2550017A1A3 /* NavButton.swift in Sources */ = {isa = PBXBuildFile; fileRef = C4A1F33C2B55E2550017A1A3 /* NavButton.swift */; };
		C4A1F34A2B5624F90017A1A3 /* LegoDetector.mlpackage in Sources */ = {isa = PBXBuildFile; fileRef = C4A1F3492B5624F90017A1A3 /* LegoDetector.mlpackage */; };
		C4A1F34C2B563C000017A1A3 /* CoreMLManager.swift in Sources */ = {isa = PBXBuildFile; fileRef = C4A1F34B2B563C000017A1A3 /* CoreMLManager.swift */; };
		C4B184812B4F3926008EB167 /* LegoSet.swift in Sources */ = {isa = PBXBuildFile; fileRef = C4B184802B4F3926008EB167 /* LegoSet.swift */; };
		C4B184872B519137008EB167 /* LegoPieceViewModel.swift in Sources */ = {isa = PBXBuildFile; fileRef = C4B184862B519137008EB167 /* LegoPieceViewModel.swift */; };
		C4B184892B519BA8008EB167 /* LegoSetViewModel.swift in Sources */ = {isa = PBXBuildFile; fileRef = C4B184882B519BA8008EB167 /* LegoSetViewModel.swift */; };
		C4CF89552AF496AB00034239 /* MobileOgelUIApp.swift in Sources */ = {isa = PBXBuildFile; fileRef = C4CF89542AF496AB00034239 /* MobileOgelUIApp.swift */; };
		C4CF89572AF496AB00034239 /* ContentView.swift in Sources */ = {isa = PBXBuildFile; fileRef = C4CF89562AF496AB00034239 /* ContentView.swift */; };
		C4CF89592AF496AD00034239 /* Assets.xcassets in Resources */ = {isa = PBXBuildFile; fileRef = C4CF89582AF496AD00034239 /* Assets.xcassets */; };
		C4CF895C2AF496AD00034239 /* Preview Assets.xcassets in Resources */ = {isa = PBXBuildFile; fileRef = C4CF895B2AF496AD00034239 /* Preview Assets.xcassets */; };
		C4CF89642AF4978700034239 /* SplashView.swift in Sources */ = {isa = PBXBuildFile; fileRef = C4CF89632AF4978700034239 /* SplashView.swift */; };
		C4CF89662AF497BB00034239 /* MainView.swift in Sources */ = {isa = PBXBuildFile; fileRef = C4CF89652AF497BB00034239 /* MainView.swift */; };
		C4CF89692AF4985800034239 /* PieceInventoryView.swift in Sources */ = {isa = PBXBuildFile; fileRef = C4CF89682AF4985800034239 /* PieceInventoryView.swift */; };
		C4FEEA152B3A2447000E7C3C /* CameraViewModel.swift in Sources */ = {isa = PBXBuildFile; fileRef = C4FEEA142B3A2447000E7C3C /* CameraViewModel.swift */; };
		C4FEEA172B3EB57A000E7C3C /* CameraView.swift in Sources */ = {isa = PBXBuildFile; fileRef = C4FEEA162B3EB57A000E7C3C /* CameraView.swift */; };
		C4FEEA192B3ECAF0000E7C3C /* CapturedImageView.swift in Sources */ = {isa = PBXBuildFile; fileRef = C4FEEA182B3ECAF0000E7C3C /* CapturedImageView.swift */; };
/* End PBXBuildFile section */

/* Begin PBXFileReference section */
		79E1ABBE2AF4A8C3005C22EA /* HomeView.swift */ = {isa = PBXFileReference; lastKnownFileType = sourcecode.swift; path = HomeView.swift; sourceTree = "<group>"; };
		79E1ABC02AF4B29F005C22EA /* LibraryView.swift */ = {isa = PBXFileReference; lastKnownFileType = sourcecode.swift; path = LibraryView.swift; sourceTree = "<group>"; };
		7A1FA6DD2B583F4500D4C2D9 /* ColourModule.swift */ = {isa = PBXFileReference; lastKnownFileType = sourcecode.swift; path = ColourModule.swift; sourceTree = "<group>"; };
		7A1FA6E32B58735700D4C2D9 /* colors.csv */ = {isa = PBXFileReference; fileEncoding = 4; lastKnownFileType = text; path = colors.csv; sourceTree = "<group>"; };
		7ABB01662B59FB4B005211F3 /* OfficialLegoColourEnum.swift */ = {isa = PBXFileReference; lastKnownFileType = sourcecode.swift; name = OfficialLegoColourEnum.swift; path = MobileOgelUI/models/OfficialLegoColourEnum.swift; sourceTree = SOURCE_ROOT; };
		7ABB01682B59FFCD005211F3 /* ClassToNameMap.swift */ = {isa = PBXFileReference; lastKnownFileType = sourcecode.swift; name = ClassToNameMap.swift; path = MobileOgelUI/models/ClassToNameMap.swift; sourceTree = SOURCE_ROOT; };
		7AD6AB902AF82E66006C5BD7 /* Styling.swift */ = {isa = PBXFileReference; lastKnownFileType = sourcecode.swift; path = Styling.swift; sourceTree = "<group>"; };
		C4797B262B572E8C009B98A7 /* LegoDetectorNew.mlpackage */ = {isa = PBXFileReference; lastKnownFileType = folder.mlpackage; path = LegoDetectorNew.mlpackage; sourceTree = "<group>"; };
		C4A1F3372B55AEFD0017A1A3 /* LoaderView.swift */ = {isa = PBXFileReference; lastKnownFileType = sourcecode.swift; path = LoaderView.swift; sourceTree = "<group>"; };
		C4A1F3392B55AF830017A1A3 /* LegoPiece.swift */ = {isa = PBXFileReference; lastKnownFileType = sourcecode.swift; path = LegoPiece.swift; sourceTree = "<group>"; };
		C4A1F33C2B55E2550017A1A3 /* NavButton.swift */ = {isa = PBXFileReference; lastKnownFileType = sourcecode.swift; path = NavButton.swift; sourceTree = "<group>"; };
		C4A1F3492B5624F90017A1A3 /* LegoDetector.mlpackage */ = {isa = PBXFileReference; lastKnownFileType = folder.mlpackage; path = LegoDetector.mlpackage; sourceTree = "<group>"; };
		C4A1F34B2B563C000017A1A3 /* CoreMLManager.swift */ = {isa = PBXFileReference; lastKnownFileType = sourcecode.swift; path = CoreMLManager.swift; sourceTree = "<group>"; };
		C4B184802B4F3926008EB167 /* LegoSet.swift */ = {isa = PBXFileReference; lastKnownFileType = sourcecode.swift; path = LegoSet.swift; sourceTree = "<group>"; };
		C4B184862B519137008EB167 /* LegoPieceViewModel.swift */ = {isa = PBXFileReference; lastKnownFileType = sourcecode.swift; path = LegoPieceViewModel.swift; sourceTree = "<group>"; };
		C4B184882B519BA8008EB167 /* LegoSetViewModel.swift */ = {isa = PBXFileReference; lastKnownFileType = sourcecode.swift; path = LegoSetViewModel.swift; sourceTree = "<group>"; };
		C4CF89512AF496AB00034239 /* MobileOgelUI.app */ = {isa = PBXFileReference; explicitFileType = wrapper.application; includeInIndex = 0; path = MobileOgelUI.app; sourceTree = BUILT_PRODUCTS_DIR; };
		C4CF89542AF496AB00034239 /* MobileOgelUIApp.swift */ = {isa = PBXFileReference; lastKnownFileType = sourcecode.swift; path = MobileOgelUIApp.swift; sourceTree = "<group>"; };
		C4CF89562AF496AB00034239 /* ContentView.swift */ = {isa = PBXFileReference; lastKnownFileType = sourcecode.swift; path = ContentView.swift; sourceTree = "<group>"; };
		C4CF89582AF496AD00034239 /* Assets.xcassets */ = {isa = PBXFileReference; lastKnownFileType = folder.assetcatalog; path = Assets.xcassets; sourceTree = "<group>"; };
		C4CF895B2AF496AD00034239 /* Preview Assets.xcassets */ = {isa = PBXFileReference; lastKnownFileType = folder.assetcatalog; path = "Preview Assets.xcassets"; sourceTree = "<group>"; };
		C4CF89632AF4978700034239 /* SplashView.swift */ = {isa = PBXFileReference; lastKnownFileType = sourcecode.swift; path = SplashView.swift; sourceTree = "<group>"; };
		C4CF89652AF497BB00034239 /* MainView.swift */ = {isa = PBXFileReference; lastKnownFileType = sourcecode.swift; path = MainView.swift; sourceTree = "<group>"; };
		C4CF89682AF4985800034239 /* PieceInventoryView.swift */ = {isa = PBXFileReference; lastKnownFileType = sourcecode.swift; path = PieceInventoryView.swift; sourceTree = "<group>"; };
		C4FEEA142B3A2447000E7C3C /* CameraViewModel.swift */ = {isa = PBXFileReference; lastKnownFileType = sourcecode.swift; path = CameraViewModel.swift; sourceTree = "<group>"; };
		C4FEEA162B3EB57A000E7C3C /* CameraView.swift */ = {isa = PBXFileReference; lastKnownFileType = sourcecode.swift; path = CameraView.swift; sourceTree = "<group>"; };
		C4FEEA182B3ECAF0000E7C3C /* CapturedImageView.swift */ = {isa = PBXFileReference; lastKnownFileType = sourcecode.swift; path = CapturedImageView.swift; sourceTree = "<group>"; };
/* End PBXFileReference section */

/* Begin PBXFrameworksBuildPhase section */
		C4CF894E2AF496AB00034239 /* Frameworks */ = {
			isa = PBXFrameworksBuildPhase;
			buildActionMask = 2147483647;
			files = (
			);
			runOnlyForDeploymentPostprocessing = 0;
		};
/* End PBXFrameworksBuildPhase section */

/* Begin PBXGroup section */
		7A1FA6D82B4F0A9300D4C2D9 /* Models */ = {
			isa = PBXGroup;
			children = (
				C4797B262B572E8C009B98A7 /* LegoDetectorNew.mlpackage */,
				C4A1F3492B5624F90017A1A3 /* LegoDetector.mlpackage */,
				C4B184802B4F3926008EB167 /* LegoSet.swift */,
				C4A1F3392B55AF830017A1A3 /* LegoPiece.swift */,
				7ABB01662B59FB4B005211F3 /* OfficialLegoColourEnum.swift */,
				7ABB01682B59FFCD005211F3 /* ClassToNameMap.swift */,
			);
			path = Models;
			sourceTree = "<group>";
		};
		7A1FA6E52B5884FD00D4C2D9 /* res */ = {
			isa = PBXGroup;
			children = (
			);
			path = res;
			sourceTree = "<group>";
		};
		C4A1F33B2B55E23B0017A1A3 /* Reusable */ = {
			isa = PBXGroup;
			children = (
				C4A1F3372B55AEFD0017A1A3 /* LoaderView.swift */,
				7AD6AB902AF82E66006C5BD7 /* Styling.swift */,
				C4A1F33C2B55E2550017A1A3 /* NavButton.swift */,
			);
			path = Reusable;
			sourceTree = "<group>";
		};
		C4CF89482AF496AB00034239 = {
			isa = PBXGroup;
			children = (
				C4CF89532AF496AB00034239 /* MobileOgelUI */,
				C4CF89522AF496AB00034239 /* Products */,
			);
			sourceTree = "<group>";
		};
		C4CF89522AF496AB00034239 /* Products */ = {
			isa = PBXGroup;
			children = (
				C4CF89512AF496AB00034239 /* MobileOgelUI.app */,
			);
			name = Products;
			sourceTree = "<group>";
		};
		C4CF89532AF496AB00034239 /* MobileOgelUI */ = {
			isa = PBXGroup;
			children = (
				7A1FA6D82B4F0A9300D4C2D9 /* Models */,
				C4FEEA0D2B3A1AA4000E7C3C /* ViewModel */,
				C4CF89622AF4976B00034239 /* Views */,
				C4CF89542AF496AB00034239 /* MobileOgelUIApp.swift */,
				C4CF89562AF496AB00034239 /* ContentView.swift */,
				C4CF89582AF496AD00034239 /* Assets.xcassets */,
				C4CF895A2AF496AD00034239 /* Preview Content */,
			);
			path = MobileOgelUI;
			sourceTree = "<group>";
		};
		C4CF895A2AF496AD00034239 /* Preview Content */ = {
			isa = PBXGroup;
			children = (
				C4CF895B2AF496AD00034239 /* Preview Assets.xcassets */,
			);
			path = "Preview Content";
			sourceTree = "<group>";
		};
		C4CF89622AF4976B00034239 /* Views */ = {
			isa = PBXGroup;
			children = (
				C4A1F33B2B55E23B0017A1A3 /* Reusable */,
				C4CF89632AF4978700034239 /* SplashView.swift */,
				C4CF89652AF497BB00034239 /* MainView.swift */,
				C4CF89682AF4985800034239 /* PieceInventoryView.swift */,
				79E1ABBE2AF4A8C3005C22EA /* HomeView.swift */,
				79E1ABC02AF4B29F005C22EA /* LibraryView.swift */,
				C4FEEA162B3EB57A000E7C3C /* CameraView.swift */,
				C4FEEA182B3ECAF0000E7C3C /* CapturedImageView.swift */,
			);
			path = Views;
			sourceTree = "<group>";
		};
		C4FEEA0D2B3A1AA4000E7C3C /* ViewModel */ = {
			isa = PBXGroup;
			children = (
				7A1FA6E52B5884FD00D4C2D9 /* res */,
				C4FEEA142B3A2447000E7C3C /* CameraViewModel.swift */,
				C4B184862B519137008EB167 /* LegoPieceViewModel.swift */,
				C4B184882B519BA8008EB167 /* LegoSetViewModel.swift */,
				C4A1F34B2B563C000017A1A3 /* CoreMLManager.swift */,
				7A1FA6DD2B583F4500D4C2D9 /* ColourModule.swift */,
				7A1FA6E32B58735700D4C2D9 /* colors.csv */,
			);
			path = ViewModel;
			sourceTree = "<group>";
		};
/* End PBXGroup section */

/* Begin PBXNativeTarget section */
		C4CF89502AF496AB00034239 /* MobileOgelUI */ = {
			isa = PBXNativeTarget;
			buildConfigurationList = C4CF895F2AF496AD00034239 /* Build configuration list for PBXNativeTarget "MobileOgelUI" */;
			buildPhases = (
				C4CF894D2AF496AB00034239 /* Sources */,
				C4CF894E2AF496AB00034239 /* Frameworks */,
				C4CF894F2AF496AB00034239 /* Resources */,
			);
			buildRules = (
			);
			dependencies = (
			);
			name = MobileOgelUI;
			packageProductDependencies = (
			);
			productName = MobileOgelUI;
			productReference = C4CF89512AF496AB00034239 /* MobileOgelUI.app */;
			productType = "com.apple.product-type.application";
		};
/* End PBXNativeTarget section */

/* Begin PBXProject section */
		C4CF89492AF496AB00034239 /* Project object */ = {
			isa = PBXProject;
			attributes = {
				BuildIndependentTargetsInParallel = 1;
				LastSwiftUpdateCheck = 1430;
				LastUpgradeCheck = 1430;
				TargetAttributes = {
					C4CF89502AF496AB00034239 = {
						CreatedOnToolsVersion = 14.3;
					};
				};
			};
			buildConfigurationList = C4CF894C2AF496AB00034239 /* Build configuration list for PBXProject "MobileOgelUI" */;
			compatibilityVersion = "Xcode 14.0";
			developmentRegion = en;
			hasScannedForEncodings = 0;
			knownRegions = (
				en,
				Base,
			);
			mainGroup = C4CF89482AF496AB00034239;
			packageReferences = (
			);
			productRefGroup = C4CF89522AF496AB00034239 /* Products */;
			projectDirPath = "";
			projectRoot = "";
			targets = (
				C4CF89502AF496AB00034239 /* MobileOgelUI */,
			);
		};
/* End PBXProject section */

/* Begin PBXResourcesBuildPhase section */
		C4CF894F2AF496AB00034239 /* Resources */ = {
			isa = PBXResourcesBuildPhase;
			buildActionMask = 2147483647;
			files = (
				7A1FA6E42B58735700D4C2D9 /* colors.csv in Resources */,
				C4CF895C2AF496AD00034239 /* Preview Assets.xcassets in Resources */,
				C4CF89592AF496AD00034239 /* Assets.xcassets in Resources */,
			);
			runOnlyForDeploymentPostprocessing = 0;
		};
/* End PBXResourcesBuildPhase section */

/* Begin PBXSourcesBuildPhase section */
		C4CF894D2AF496AB00034239 /* Sources */ = {
			isa = PBXSourcesBuildPhase;
			buildActionMask = 2147483647;
			files = (
				C4B184892B519BA8008EB167 /* LegoSetViewModel.swift in Sources */,
				C4B184812B4F3926008EB167 /* LegoSet.swift in Sources */,
				C4FEEA192B3ECAF0000E7C3C /* CapturedImageView.swift in Sources */,
				7AD6AB912AF82E66006C5BD7 /* Styling.swift in Sources */,
				C4B184872B519137008EB167 /* LegoPieceViewModel.swift in Sources */,
				C4A1F33A2B55AF830017A1A3 /* LegoPiece.swift in Sources */,
				79E1ABC12AF4B2A0005C22EA /* LibraryView.swift in Sources */,
				C4FEEA172B3EB57A000E7C3C /* CameraView.swift in Sources */,
				C4A1F33D2B55E2550017A1A3 /* NavButton.swift in Sources */,
				C4CF89572AF496AB00034239 /* ContentView.swift in Sources */,
				7ABB01692B59FFCD005211F3 /* ClassToNameMap.swift in Sources */,
				7A1FA6DE2B583F4500D4C2D9 /* ColourModule.swift in Sources */,
				C4CF89692AF4985800034239 /* PieceInventoryView.swift in Sources */,
				7ABB01672B59FB4B005211F3 /* OfficialLegoColourEnum.swift in Sources */,
				C4FEEA152B3A2447000E7C3C /* CameraViewModel.swift in Sources */,
				C4CF89662AF497BB00034239 /* MainView.swift in Sources */,
				79E1ABBF2AF4A8C3005C22EA /* HomeView.swift in Sources */,
				C4797B272B572E8C009B98A7 /* LegoDetectorNew.mlpackage in Sources */,
				C4CF89552AF496AB00034239 /* MobileOgelUIApp.swift in Sources */,
				C4A1F3382B55AEFD0017A1A3 /* LoaderView.swift in Sources */,
				C4CF89642AF4978700034239 /* SplashView.swift in Sources */,
				C4A1F34C2B563C000017A1A3 /* CoreMLManager.swift in Sources */,
				C4A1F34A2B5624F90017A1A3 /* LegoDetector.mlpackage in Sources */,
			);
			runOnlyForDeploymentPostprocessing = 0;
		};
/* End PBXSourcesBuildPhase section */

/* Begin XCBuildConfiguration section */
		C4CF895D2AF496AD00034239 /* Debug */ = {
			isa = XCBuildConfiguration;
			buildSettings = {
				ALWAYS_SEARCH_USER_PATHS = NO;
				CLANG_ANALYZER_NONNULL = YES;
				CLANG_ANALYZER_NUMBER_OBJECT_CONVERSION = YES_AGGRESSIVE;
				CLANG_CXX_LANGUAGE_STANDARD = "gnu++20";
				CLANG_ENABLE_MODULES = YES;
				CLANG_ENABLE_OBJC_ARC = YES;
				CLANG_ENABLE_OBJC_WEAK = YES;
				CLANG_WARN_BLOCK_CAPTURE_AUTORELEASING = YES;
				CLANG_WARN_BOOL_CONVERSION = YES;
				CLANG_WARN_COMMA = YES;
				CLANG_WARN_CONSTANT_CONVERSION = YES;
				CLANG_WARN_DEPRECATED_OBJC_IMPLEMENTATIONS = YES;
				CLANG_WARN_DIRECT_OBJC_ISA_USAGE = YES_ERROR;
				CLANG_WARN_DOCUMENTATION_COMMENTS = YES;
				CLANG_WARN_EMPTY_BODY = YES;
				CLANG_WARN_ENUM_CONVERSION = YES;
				CLANG_WARN_INFINITE_RECURSION = YES;
				CLANG_WARN_INT_CONVERSION = YES;
				CLANG_WARN_NON_LITERAL_NULL_CONVERSION = YES;
				CLANG_WARN_OBJC_IMPLICIT_RETAIN_SELF = YES;
				CLANG_WARN_OBJC_LITERAL_CONVERSION = YES;
				CLANG_WARN_OBJC_ROOT_CLASS = YES_ERROR;
				CLANG_WARN_QUOTED_INCLUDE_IN_FRAMEWORK_HEADER = YES;
				CLANG_WARN_RANGE_LOOP_ANALYSIS = YES;
				CLANG_WARN_STRICT_PROTOTYPES = YES;
				CLANG_WARN_SUSPICIOUS_MOVE = YES;
				CLANG_WARN_UNGUARDED_AVAILABILITY = YES_AGGRESSIVE;
				CLANG_WARN_UNREACHABLE_CODE = YES;
				CLANG_WARN__DUPLICATE_METHOD_MATCH = YES;
				COPY_PHASE_STRIP = NO;
				DEBUG_INFORMATION_FORMAT = dwarf;
				ENABLE_STRICT_OBJC_MSGSEND = YES;
				ENABLE_TESTABILITY = YES;
				GCC_C_LANGUAGE_STANDARD = gnu11;
				GCC_DYNAMIC_NO_PIC = NO;
				GCC_NO_COMMON_BLOCKS = YES;
				GCC_OPTIMIZATION_LEVEL = 0;
				GCC_PREPROCESSOR_DEFINITIONS = (
					"DEBUG=1",
					"$(inherited)",
				);
				GCC_WARN_64_TO_32_BIT_CONVERSION = YES;
				GCC_WARN_ABOUT_RETURN_TYPE = YES_ERROR;
				GCC_WARN_UNDECLARED_SELECTOR = YES;
				GCC_WARN_UNINITIALIZED_AUTOS = YES_AGGRESSIVE;
				GCC_WARN_UNUSED_FUNCTION = YES;
				GCC_WARN_UNUSED_VARIABLE = YES;
				IPHONEOS_DEPLOYMENT_TARGET = 17.0;
				MTL_ENABLE_DEBUG_INFO = INCLUDE_SOURCE;
				MTL_FAST_MATH = YES;
				ONLY_ACTIVE_ARCH = YES;
				SDKROOT = iphoneos;
				SWIFT_ACTIVE_COMPILATION_CONDITIONS = DEBUG;
				SWIFT_OPTIMIZATION_LEVEL = "-Onone";
			};
			name = Debug;
		};
		C4CF895E2AF496AD00034239 /* Release */ = {
			isa = XCBuildConfiguration;
			buildSettings = {
				ALWAYS_SEARCH_USER_PATHS = NO;
				CLANG_ANALYZER_NONNULL = YES;
				CLANG_ANALYZER_NUMBER_OBJECT_CONVERSION = YES_AGGRESSIVE;
				CLANG_CXX_LANGUAGE_STANDARD = "gnu++20";
				CLANG_ENABLE_MODULES = YES;
				CLANG_ENABLE_OBJC_ARC = YES;
				CLANG_ENABLE_OBJC_WEAK = YES;
				CLANG_WARN_BLOCK_CAPTURE_AUTORELEASING = YES;
				CLANG_WARN_BOOL_CONVERSION = YES;
				CLANG_WARN_COMMA = YES;
				CLANG_WARN_CONSTANT_CONVERSION = YES;
				CLANG_WARN_DEPRECATED_OBJC_IMPLEMENTATIONS = YES;
				CLANG_WARN_DIRECT_OBJC_ISA_USAGE = YES_ERROR;
				CLANG_WARN_DOCUMENTATION_COMMENTS = YES;
				CLANG_WARN_EMPTY_BODY = YES;
				CLANG_WARN_ENUM_CONVERSION = YES;
				CLANG_WARN_INFINITE_RECURSION = YES;
				CLANG_WARN_INT_CONVERSION = YES;
				CLANG_WARN_NON_LITERAL_NULL_CONVERSION = YES;
				CLANG_WARN_OBJC_IMPLICIT_RETAIN_SELF = YES;
				CLANG_WARN_OBJC_LITERAL_CONVERSION = YES;
				CLANG_WARN_OBJC_ROOT_CLASS = YES_ERROR;
				CLANG_WARN_QUOTED_INCLUDE_IN_FRAMEWORK_HEADER = YES;
				CLANG_WARN_RANGE_LOOP_ANALYSIS = YES;
				CLANG_WARN_STRICT_PROTOTYPES = YES;
				CLANG_WARN_SUSPICIOUS_MOVE = YES;
				CLANG_WARN_UNGUARDED_AVAILABILITY = YES_AGGRESSIVE;
				CLANG_WARN_UNREACHABLE_CODE = YES;
				CLANG_WARN__DUPLICATE_METHOD_MATCH = YES;
				COPY_PHASE_STRIP = NO;
				DEBUG_INFORMATION_FORMAT = "dwarf-with-dsym";
				ENABLE_NS_ASSERTIONS = NO;
				ENABLE_STRICT_OBJC_MSGSEND = YES;
				GCC_C_LANGUAGE_STANDARD = gnu11;
				GCC_NO_COMMON_BLOCKS = YES;
				GCC_WARN_64_TO_32_BIT_CONVERSION = YES;
				GCC_WARN_ABOUT_RETURN_TYPE = YES_ERROR;
				GCC_WARN_UNDECLARED_SELECTOR = YES;
				GCC_WARN_UNINITIALIZED_AUTOS = YES_AGGRESSIVE;
				GCC_WARN_UNUSED_FUNCTION = YES;
				GCC_WARN_UNUSED_VARIABLE = YES;
				IPHONEOS_DEPLOYMENT_TARGET = 17.0;
				MTL_ENABLE_DEBUG_INFO = NO;
				MTL_FAST_MATH = YES;
				SDKROOT = iphoneos;
				SWIFT_COMPILATION_MODE = wholemodule;
				SWIFT_OPTIMIZATION_LEVEL = "-O";
				VALIDATE_PRODUCT = YES;
			};
			name = Release;
		};
		C4CF89602AF496AD00034239 /* Debug */ = {
			isa = XCBuildConfiguration;
			buildSettings = {
				ASSETCATALOG_COMPILER_APPICON_NAME = AppIcon;
				ASSETCATALOG_COMPILER_GLOBAL_ACCENT_COLOR_NAME = AccentColor;
				CODE_SIGN_STYLE = Automatic;
				CURRENT_PROJECT_VERSION = 1;
				DEVELOPMENT_ASSET_PATHS = "\"MobileOgelUI/Preview Content\"";
				DEVELOPMENT_TEAM = 354D93C92Q;
				ENABLE_PREVIEWS = YES;
				GENERATE_INFOPLIST_FILE = YES;
				INFOPLIST_KEY_NSCameraUsageDescription = "Camera is needed to capture images.";
				INFOPLIST_KEY_UIApplicationSceneManifest_Generation = YES;
				INFOPLIST_KEY_UIApplicationSupportsIndirectInputEvents = YES;
				INFOPLIST_KEY_UILaunchScreen_Generation = YES;
				INFOPLIST_KEY_UISupportedInterfaceOrientations_iPad = "UIInterfaceOrientationPortrait UIInterfaceOrientationPortraitUpsideDown UIInterfaceOrientationLandscapeLeft UIInterfaceOrientationLandscapeRight";
				INFOPLIST_KEY_UISupportedInterfaceOrientations_iPhone = "UIInterfaceOrientationPortrait UIInterfaceOrientationLandscapeLeft UIInterfaceOrientationLandscapeRight";
				IPHONEOS_DEPLOYMENT_TARGET = 17.0;
				LD_RUNPATH_SEARCH_PATHS = (
					"$(inherited)",
					"@executable_path/Frameworks",
				);
				MARKETING_VERSION = 1.0;
				PRODUCT_BUNDLE_IDENTIFIER = group44.MobileOgelUI2;
				PRODUCT_NAME = "$(TARGET_NAME)";
				SWIFT_EMIT_LOC_STRINGS = YES;
				SWIFT_VERSION = 5.0;
				TARGETED_DEVICE_FAMILY = "1,2";
			};
			name = Debug;
		};
		C4CF89612AF496AD00034239 /* Release */ = {
			isa = XCBuildConfiguration;
			buildSettings = {
				ASSETCATALOG_COMPILER_APPICON_NAME = AppIcon;
				ASSETCATALOG_COMPILER_GLOBAL_ACCENT_COLOR_NAME = AccentColor;
				CODE_SIGN_STYLE = Automatic;
				CURRENT_PROJECT_VERSION = 1;
				DEVELOPMENT_ASSET_PATHS = "\"MobileOgelUI/Preview Content\"";
				DEVELOPMENT_TEAM = 354D93C92Q;
				ENABLE_PREVIEWS = YES;
				GENERATE_INFOPLIST_FILE = YES;
				INFOPLIST_KEY_NSCameraUsageDescription = "Camera is needed to capture images.";
				INFOPLIST_KEY_UIApplicationSceneManifest_Generation = YES;
				INFOPLIST_KEY_UIApplicationSupportsIndirectInputEvents = YES;
				INFOPLIST_KEY_UILaunchScreen_Generation = YES;
				INFOPLIST_KEY_UISupportedInterfaceOrientations_iPad = "UIInterfaceOrientationPortrait UIInterfaceOrientationPortraitUpsideDown UIInterfaceOrientationLandscapeLeft UIInterfaceOrientationLandscapeRight";
				INFOPLIST_KEY_UISupportedInterfaceOrientations_iPhone = "UIInterfaceOrientationPortrait UIInterfaceOrientationLandscapeLeft UIInterfaceOrientationLandscapeRight";
				IPHONEOS_DEPLOYMENT_TARGET = 17.0;
				LD_RUNPATH_SEARCH_PATHS = (
					"$(inherited)",
					"@executable_path/Frameworks",
				);
				MARKETING_VERSION = 1.0;
				PRODUCT_BUNDLE_IDENTIFIER = group44.MobileOgelUI2;
				PRODUCT_NAME = "$(TARGET_NAME)";
				SWIFT_EMIT_LOC_STRINGS = YES;
				SWIFT_VERSION = 5.0;
				TARGETED_DEVICE_FAMILY = "1,2";
			};
			name = Release;
		};
/* End XCBuildConfiguration section */

/* Begin XCConfigurationList section */
		C4CF894C2AF496AB00034239 /* Build configuration list for PBXProject "MobileOgelUI" */ = {
			isa = XCConfigurationList;
			buildConfigurations = (
				C4CF895D2AF496AD00034239 /* Debug */,
				C4CF895E2AF496AD00034239 /* Release */,
			);
			defaultConfigurationIsVisible = 0;
			defaultConfigurationName = Release;
		};
		C4CF895F2AF496AD00034239 /* Build configuration list for PBXNativeTarget "MobileOgelUI" */ = {
			isa = XCConfigurationList;
			buildConfigurations = (
				C4CF89602AF496AD00034239 /* Debug */,
				C4CF89612AF496AD00034239 /* Release */,
			);
			defaultConfigurationIsVisible = 0;
			defaultConfigurationName = Release;
		};
/* End XCConfigurationList section */
	};
	rootObject = C4CF89492AF496AB00034239 /* Project object */;
}
